
Microsoft Visual Studio Solution File, Format Version 12.00
# Visual Studio 2013
VisualStudioVersion = 12.0.21005.1
MinimumVisualStudioVersion = 10.0.40219.1
Project("{FAE04EC0-301F-11D3-BF4B-00C04F79EFBC}") = "PathManager", "PathManager\PathManager.csproj", "{8DDF7218-789E-4420-9532-AD0A323E1536}"
EndProject
Project("{F2A71F9B-5D33-465A-A702-920D77279786}") = "PathManager.Env", "PathManager.Env\PathManager.Env.fsproj", "{73C1BA9A-2BE8-4CB4-928F-492809D10BB7}"
EndProject
Global
	GlobalSection(SolutionConfigurationPlatforms) = preSolution
		Debug|Any CPU = Debug|Any CPU
		Release|Any CPU = Release|Any CPU
	EndGlobalSection
	GlobalSection(ProjectConfigurationPlatforms) = postSolution
		{8DDF7218-789E-4420-9532-AD0A323E1536}.Debug|Any CPU.ActiveCfg = Debug|Any CPU
		{8DDF7218-789E-4420-9532-AD0A323E1536}.Debug|Any CPU.Build.0 = Debug|Any CPU
		{8DDF7218-789E-4420-9532-AD0A323E1536}.Release|Any CPU.ActiveCfg = Release|Any CPU
		{8DDF7218-789E-4420-9532-AD0A323E1536}.Release|Any CPU.Build.0 = Release|Any CPU
		{73C1BA9A-2BE8-4CB4-928F-492809D10BB7}.Debug|Any CPU.ActiveCfg = Debug|Any CPU
		{73C1BA9A-2BE8-4CB4-928F-492809D10BB7}.Debug|Any CPU.Build.0 = Debug|Any CPU
		{73C1BA9A-2BE8-4CB4-928F-492809D10BB7}.Release|Any CPU.ActiveCfg = Release|Any CPU
		{73C1BA9A-2BE8-4CB4-928F-492809D10BB7}.Release|Any CPU.Build.0 = Release|Any CPU
	EndGlobalSection
	GlobalSection(SolutionProperties) = preSolution
		HideSolutionNode = FALSE
	EndGlobalSection
EndGlobal
